// !$*UTF8*$!
{
	archiveVersion = 1;
	classes = {
	};
	objectVersion = 56;
	objects = {

/* Begin PBXBuildFile section */
		6223C0B32A98DB8900B0E448 /* Currency.swift in Sources */ = {isa = PBXBuildFile; fileRef = 6223C0B22A98DB8900B0E448 /* Currency.swift */; };
		6223C0B52A98DC3B00B0E448 /* CurrencyListItemViewData.swift in Sources */ = {isa = PBXBuildFile; fileRef = 6223C0B42A98DC3B00B0E448 /* CurrencyListItemViewData.swift */; };
		6223C0B72A98DC6500B0E448 /* CurrencyChangeType.swift in Sources */ = {isa = PBXBuildFile; fileRef = 6223C0B62A98DC6500B0E448 /* CurrencyChangeType.swift */; };
		6223C0B92A98DFE200B0E448 /* CurrencyUtils.swift in Sources */ = {isa = PBXBuildFile; fileRef = 6223C0B82A98DFE200B0E448 /* CurrencyUtils.swift */; };
		6223C0BB2A98E25B00B0E448 /* CurrencyDetailsViewData.swift in Sources */ = {isa = PBXBuildFile; fileRef = 6223C0BA2A98E25B00B0E448 /* CurrencyDetailsViewData.swift */; };
		6223C0BD2A98F23D00B0E448 /* CurrencyRepository.swift in Sources */ = {isa = PBXBuildFile; fileRef = 6223C0BC2A98F23D00B0E448 /* CurrencyRepository.swift */; };
		6223C0C02A98F4F500B0E448 /* Resolver in Frameworks */ = {isa = PBXBuildFile; productRef = 6223C0BF2A98F4F500B0E448 /* Resolver */; };
		6223C0C22A98F51A00B0E448 /* Resolver+Registry.swift in Sources */ = {isa = PBXBuildFile; fileRef = 6223C0C12A98F51A00B0E448 /* Resolver+Registry.swift */; };
		6223C0C42A98F55600B0E448 /* Resolver+Currency.swift in Sources */ = {isa = PBXBuildFile; fileRef = 6223C0C32A98F55600B0E448 /* Resolver+Currency.swift */; };
		6223C0C62A98F9EB00B0E448 /* Resolver+Network.swift in Sources */ = {isa = PBXBuildFile; fileRef = 6223C0C52A98F9EB00B0E448 /* Resolver+Network.swift */; };
		6223C0C82A9936A500B0E448 /* NumberShortenerUtils.swift in Sources */ = {isa = PBXBuildFile; fileRef = 6223C0C72A9936A500B0E448 /* NumberShortenerUtils.swift */; };
		6223C0CA2A993A5300B0E448 /* PercentageFormatterUtils.swift in Sources */ = {isa = PBXBuildFile; fileRef = 6223C0C92A993A5300B0E448 /* PercentageFormatterUtils.swift */; };
		6223C0D12A993EB600B0E448 /* ImageCache.swift in Sources */ = {isa = PBXBuildFile; fileRef = 6223C0D02A993EB600B0E448 /* ImageCache.swift */; };
		6223C0D32A993EC100B0E448 /* ImageCacheProtocol.swift in Sources */ = {isa = PBXBuildFile; fileRef = 6223C0D22A993EC100B0E448 /* ImageCacheProtocol.swift */; };
		6223C0D52A993EF200B0E448 /* AsyncImageView.swift in Sources */ = {isa = PBXBuildFile; fileRef = 6223C0D42A993EF200B0E448 /* AsyncImageView.swift */; };
		6223C0D72A993F0000B0E448 /* AsyncImageViewModel.swift in Sources */ = {isa = PBXBuildFile; fileRef = 6223C0D62A993F0000B0E448 /* AsyncImageViewModel.swift */; };
		6223C0D92A993F7300B0E448 /* Resolver+AsyncImageView.swift in Sources */ = {isa = PBXBuildFile; fileRef = 6223C0D82A993F7300B0E448 /* Resolver+AsyncImageView.swift */; };
		6223C0DB2A9A06E800B0E448 /* CurrerncyListItem.swift in Sources */ = {isa = PBXBuildFile; fileRef = 6223C0DA2A9A06E800B0E448 /* CurrerncyListItem.swift */; };
		6223C0DD2A9A166000B0E448 /* Configuration.swift in Sources */ = {isa = PBXBuildFile; fileRef = 6223C0DC2A9A166000B0E448 /* Configuration.swift */; };
		6228C07B2A977618001BA163 /* cryptoApp.swift in Sources */ = {isa = PBXBuildFile; fileRef = 6228C07A2A977618001BA163 /* cryptoApp.swift */; };
		6228C07F2A97761B001BA163 /* Assets.xcassets in Resources */ = {isa = PBXBuildFile; fileRef = 6228C07E2A97761B001BA163 /* Assets.xcassets */; };
		6228C0822A97761B001BA163 /* Preview Assets.xcassets in Resources */ = {isa = PBXBuildFile; fileRef = 6228C0812A97761B001BA163 /* Preview Assets.xcassets */; };
		6228C08C2A97761B001BA163 /* cryptoTests.swift in Sources */ = {isa = PBXBuildFile; fileRef = 6228C08B2A97761B001BA163 /* cryptoTests.swift */; };
		6228C0962A97761C001BA163 /* cryptoUITests.swift in Sources */ = {isa = PBXBuildFile; fileRef = 6228C0952A97761C001BA163 /* cryptoUITests.swift */; };
		6228C0982A97761C001BA163 /* cryptoUITestsLaunchTests.swift in Sources */ = {isa = PBXBuildFile; fileRef = 6228C0972A97761C001BA163 /* cryptoUITestsLaunchTests.swift */; };
		6228C0A92A9777A1001BA163 /* Colors.swift in Sources */ = {isa = PBXBuildFile; fileRef = 6228C0A82A9777A1001BA163 /* Colors.swift */; };
		6228C0AB2A977B9C001BA163 /* CurrencyListScreen.swift in Sources */ = {isa = PBXBuildFile; fileRef = 6228C0AA2A977B9C001BA163 /* CurrencyListScreen.swift */; };
		6228C0AD2A977BA9001BA163 /* CurrencyListViewModel.swift in Sources */ = {isa = PBXBuildFile; fileRef = 6228C0AC2A977BA9001BA163 /* CurrencyListViewModel.swift */; };
		6228C0AF2A977D56001BA163 /* currencies_mock.json in Resources */ = {isa = PBXBuildFile; fileRef = 6228C0AE2A977D56001BA163 /* currencies_mock.json */; };
		6228C0B12A978401001BA163 /* Images.swift in Sources */ = {isa = PBXBuildFile; fileRef = 6228C0B02A978401001BA163 /* Images.swift */; };
		6228C0B42A9786FC001BA163 /* Poppins-Regular.ttf in Resources */ = {isa = PBXBuildFile; fileRef = 6228C0B22A9786FC001BA163 /* Poppins-Regular.ttf */; };
		6228C0B52A9786FC001BA163 /* Poppins-Bold.ttf in Resources */ = {isa = PBXBuildFile; fileRef = 6228C0B32A9786FC001BA163 /* Poppins-Bold.ttf */; };
		6228C0B82A978773001BA163 /* Fonts.swift in Sources */ = {isa = PBXBuildFile; fileRef = 6228C0B72A978773001BA163 /* Fonts.swift */; };
		6228C0BA2A97B29C001BA163 /* CurrencyDetailsScreen.swift in Sources */ = {isa = PBXBuildFile; fileRef = 6228C0B92A97B29C001BA163 /* CurrencyDetailsScreen.swift */; };
		6228C0BC2A97B2B0001BA163 /* CurrencyDetailsViewModel.swift in Sources */ = {isa = PBXBuildFile; fileRef = 6228C0BB2A97B2B0001BA163 /* CurrencyDetailsViewModel.swift */; };
		6228C0BE2A97E221001BA163 /* View+HiddenNavigationBar.swift in Sources */ = {isa = PBXBuildFile; fileRef = 6228C0BD2A97E221001BA163 /* View+HiddenNavigationBar.swift */; };
		6228C0C72A97E973001BA163 /* AssetsApi.swift in Sources */ = {isa = PBXBuildFile; fileRef = 6228C0C62A97E973001BA163 /* AssetsApi.swift */; };
/* End PBXBuildFile section */

/* Begin PBXContainerItemProxy section */
		6228C0882A97761B001BA163 /* PBXContainerItemProxy */ = {
			isa = PBXContainerItemProxy;
			containerPortal = 6228C06F2A977618001BA163 /* Project object */;
			proxyType = 1;
			remoteGlobalIDString = 6228C0762A977618001BA163;
			remoteInfo = crypto;
		};
		6228C0922A97761C001BA163 /* PBXContainerItemProxy */ = {
			isa = PBXContainerItemProxy;
			containerPortal = 6228C06F2A977618001BA163 /* Project object */;
			proxyType = 1;
			remoteGlobalIDString = 6228C0762A977618001BA163;
			remoteInfo = crypto;
		};
/* End PBXContainerItemProxy section */

/* Begin PBXFileReference section */
		6223C0B22A98DB8900B0E448 /* Currency.swift */ = {isa = PBXFileReference; lastKnownFileType = sourcecode.swift; path = Currency.swift; sourceTree = "<group>"; };
		6223C0B42A98DC3B00B0E448 /* CurrencyListItemViewData.swift */ = {isa = PBXFileReference; lastKnownFileType = sourcecode.swift; path = CurrencyListItemViewData.swift; sourceTree = "<group>"; };
		6223C0B62A98DC6500B0E448 /* CurrencyChangeType.swift */ = {isa = PBXFileReference; lastKnownFileType = sourcecode.swift; path = CurrencyChangeType.swift; sourceTree = "<group>"; };
		6223C0B82A98DFE200B0E448 /* CurrencyUtils.swift */ = {isa = PBXFileReference; lastKnownFileType = sourcecode.swift; path = CurrencyUtils.swift; sourceTree = "<group>"; };
		6223C0BA2A98E25B00B0E448 /* CurrencyDetailsViewData.swift */ = {isa = PBXFileReference; lastKnownFileType = sourcecode.swift; path = CurrencyDetailsViewData.swift; sourceTree = "<group>"; };
		6223C0BC2A98F23D00B0E448 /* CurrencyRepository.swift */ = {isa = PBXFileReference; lastKnownFileType = sourcecode.swift; path = CurrencyRepository.swift; sourceTree = "<group>"; };
		6223C0C12A98F51A00B0E448 /* Resolver+Registry.swift */ = {isa = PBXFileReference; lastKnownFileType = sourcecode.swift; path = "Resolver+Registry.swift"; sourceTree = "<group>"; };
		6223C0C32A98F55600B0E448 /* Resolver+Currency.swift */ = {isa = PBXFileReference; lastKnownFileType = sourcecode.swift; path = "Resolver+Currency.swift"; sourceTree = "<group>"; };
		6223C0C52A98F9EB00B0E448 /* Resolver+Network.swift */ = {isa = PBXFileReference; lastKnownFileType = sourcecode.swift; path = "Resolver+Network.swift"; sourceTree = "<group>"; };
		6223C0C72A9936A500B0E448 /* NumberShortenerUtils.swift */ = {isa = PBXFileReference; lastKnownFileType = sourcecode.swift; path = NumberShortenerUtils.swift; sourceTree = "<group>"; };
		6223C0C92A993A5300B0E448 /* PercentageFormatterUtils.swift */ = {isa = PBXFileReference; lastKnownFileType = sourcecode.swift; path = PercentageFormatterUtils.swift; sourceTree = "<group>"; };
		6223C0D02A993EB600B0E448 /* ImageCache.swift */ = {isa = PBXFileReference; lastKnownFileType = sourcecode.swift; path = ImageCache.swift; sourceTree = "<group>"; };
		6223C0D22A993EC100B0E448 /* ImageCacheProtocol.swift */ = {isa = PBXFileReference; lastKnownFileType = sourcecode.swift; path = ImageCacheProtocol.swift; sourceTree = "<group>"; };
		6223C0D42A993EF200B0E448 /* AsyncImageView.swift */ = {isa = PBXFileReference; lastKnownFileType = sourcecode.swift; path = AsyncImageView.swift; sourceTree = "<group>"; };
		6223C0D62A993F0000B0E448 /* AsyncImageViewModel.swift */ = {isa = PBXFileReference; lastKnownFileType = sourcecode.swift; path = AsyncImageViewModel.swift; sourceTree = "<group>"; };
		6223C0D82A993F7300B0E448 /* Resolver+AsyncImageView.swift */ = {isa = PBXFileReference; lastKnownFileType = sourcecode.swift; path = "Resolver+AsyncImageView.swift"; sourceTree = "<group>"; };
		6223C0DA2A9A06E800B0E448 /* CurrerncyListItem.swift */ = {isa = PBXFileReference; lastKnownFileType = sourcecode.swift; path = CurrerncyListItem.swift; sourceTree = "<group>"; };
		6223C0DC2A9A166000B0E448 /* Configuration.swift */ = {isa = PBXFileReference; lastKnownFileType = sourcecode.swift; path = Configuration.swift; sourceTree = "<group>"; };
		6228C0772A977618001BA163 /* crypto.app */ = {isa = PBXFileReference; explicitFileType = wrapper.application; includeInIndex = 0; path = crypto.app; sourceTree = BUILT_PRODUCTS_DIR; };
		6228C07A2A977618001BA163 /* cryptoApp.swift */ = {isa = PBXFileReference; lastKnownFileType = sourcecode.swift; path = cryptoApp.swift; sourceTree = "<group>"; };
		6228C07E2A97761B001BA163 /* Assets.xcassets */ = {isa = PBXFileReference; lastKnownFileType = folder.assetcatalog; path = Assets.xcassets; sourceTree = "<group>"; };
		6228C0812A97761B001BA163 /* Preview Assets.xcassets */ = {isa = PBXFileReference; lastKnownFileType = folder.assetcatalog; path = "Preview Assets.xcassets"; sourceTree = "<group>"; };
		6228C0872A97761B001BA163 /* cryptoTests.xctest */ = {isa = PBXFileReference; explicitFileType = wrapper.cfbundle; includeInIndex = 0; path = cryptoTests.xctest; sourceTree = BUILT_PRODUCTS_DIR; };
		6228C08B2A97761B001BA163 /* cryptoTests.swift */ = {isa = PBXFileReference; lastKnownFileType = sourcecode.swift; path = cryptoTests.swift; sourceTree = "<group>"; };
		6228C0912A97761C001BA163 /* cryptoUITests.xctest */ = {isa = PBXFileReference; explicitFileType = wrapper.cfbundle; includeInIndex = 0; path = cryptoUITests.xctest; sourceTree = BUILT_PRODUCTS_DIR; };
		6228C0952A97761C001BA163 /* cryptoUITests.swift */ = {isa = PBXFileReference; lastKnownFileType = sourcecode.swift; path = cryptoUITests.swift; sourceTree = "<group>"; };
		6228C0972A97761C001BA163 /* cryptoUITestsLaunchTests.swift */ = {isa = PBXFileReference; lastKnownFileType = sourcecode.swift; path = cryptoUITestsLaunchTests.swift; sourceTree = "<group>"; };
		6228C0A82A9777A1001BA163 /* Colors.swift */ = {isa = PBXFileReference; lastKnownFileType = sourcecode.swift; path = Colors.swift; sourceTree = "<group>"; };
		6228C0AA2A977B9C001BA163 /* CurrencyListScreen.swift */ = {isa = PBXFileReference; lastKnownFileType = sourcecode.swift; path = CurrencyListScreen.swift; sourceTree = "<group>"; };
		6228C0AC2A977BA9001BA163 /* CurrencyListViewModel.swift */ = {isa = PBXFileReference; lastKnownFileType = sourcecode.swift; path = CurrencyListViewModel.swift; sourceTree = "<group>"; };
		6228C0AE2A977D56001BA163 /* currencies_mock.json */ = {isa = PBXFileReference; lastKnownFileType = text.json; path = currencies_mock.json; sourceTree = "<group>"; };
		6228C0B02A978401001BA163 /* Images.swift */ = {isa = PBXFileReference; lastKnownFileType = sourcecode.swift; path = Images.swift; sourceTree = "<group>"; };
		6228C0B22A9786FC001BA163 /* Poppins-Regular.ttf */ = {isa = PBXFileReference; lastKnownFileType = file; path = "Poppins-Regular.ttf"; sourceTree = "<group>"; };
		6228C0B32A9786FC001BA163 /* Poppins-Bold.ttf */ = {isa = PBXFileReference; lastKnownFileType = file; path = "Poppins-Bold.ttf"; sourceTree = "<group>"; };
		6228C0B62A97871E001BA163 /* Info.plist */ = {isa = PBXFileReference; lastKnownFileType = text.plist; path = Info.plist; sourceTree = "<group>"; };
		6228C0B72A978773001BA163 /* Fonts.swift */ = {isa = PBXFileReference; lastKnownFileType = sourcecode.swift; path = Fonts.swift; sourceTree = "<group>"; };
		6228C0B92A97B29C001BA163 /* CurrencyDetailsScreen.swift */ = {isa = PBXFileReference; lastKnownFileType = sourcecode.swift; path = CurrencyDetailsScreen.swift; sourceTree = "<group>"; };
		6228C0BB2A97B2B0001BA163 /* CurrencyDetailsViewModel.swift */ = {isa = PBXFileReference; lastKnownFileType = sourcecode.swift; path = CurrencyDetailsViewModel.swift; sourceTree = "<group>"; };
		6228C0BD2A97E221001BA163 /* View+HiddenNavigationBar.swift */ = {isa = PBXFileReference; lastKnownFileType = sourcecode.swift; path = "View+HiddenNavigationBar.swift"; sourceTree = "<group>"; };
		6228C0C62A97E973001BA163 /* AssetsApi.swift */ = {isa = PBXFileReference; lastKnownFileType = sourcecode.swift; path = AssetsApi.swift; sourceTree = "<group>"; };
/* End PBXFileReference section */

/* Begin PBXFrameworksBuildPhase section */
		6228C0742A977618001BA163 /* Frameworks */ = {
			isa = PBXFrameworksBuildPhase;
			buildActionMask = 2147483647;
			files = (
				6223C0C02A98F4F500B0E448 /* Resolver in Frameworks */,
			);
			runOnlyForDeploymentPostprocessing = 0;
		};
		6228C0842A97761B001BA163 /* Frameworks */ = {
			isa = PBXFrameworksBuildPhase;
			buildActionMask = 2147483647;
			files = (
			);
			runOnlyForDeploymentPostprocessing = 0;
		};
		6228C08E2A97761C001BA163 /* Frameworks */ = {
			isa = PBXFrameworksBuildPhase;
			buildActionMask = 2147483647;
			files = (
			);
			runOnlyForDeploymentPostprocessing = 0;
		};
/* End PBXFrameworksBuildPhase section */

/* Begin PBXGroup section */
		6223C0B12A98DB7200B0E448 /* Currency */ = {
			isa = PBXGroup;
			children = (
				6223C0C32A98F55600B0E448 /* Resolver+Currency.swift */,
				6223C0B22A98DB8900B0E448 /* Currency.swift */,
				6223C0B62A98DC6500B0E448 /* CurrencyChangeType.swift */,
				6223C0B82A98DFE200B0E448 /* CurrencyUtils.swift */,
				6223C0BC2A98F23D00B0E448 /* CurrencyRepository.swift */,
				6228C0A52A9776C9001BA163 /* CurrencyList */,
				6228C0A62A9776D0001BA163 /* CurrencyDetails */,
			);
			path = Currency;
			sourceTree = "<group>";
		};
		6223C0CB2A993CDE00B0E448 /* Utils */ = {
			isa = PBXGroup;
			children = (
				6223C0CC2A993CEF00B0E448 /* Extensions */,
				6223C0C72A9936A500B0E448 /* NumberShortenerUtils.swift */,
				6223C0C92A993A5300B0E448 /* PercentageFormatterUtils.swift */,
			);
			path = Utils;
			sourceTree = "<group>";
		};
		6223C0CC2A993CEF00B0E448 /* Extensions */ = {
			isa = PBXGroup;
			children = (
				6228C0BD2A97E221001BA163 /* View+HiddenNavigationBar.swift */,
			);
			path = Extensions;
			sourceTree = "<group>";
		};
		6223C0CD2A993E8600B0E448 /* Components */ = {
			isa = PBXGroup;
			children = (
				6223C0CE2A993E9200B0E448 /* AsyncImageView */,
			);
			path = Components;
			sourceTree = "<group>";
		};
		6223C0CE2A993E9200B0E448 /* AsyncImageView */ = {
			isa = PBXGroup;
			children = (
				6223C0D82A993F7300B0E448 /* Resolver+AsyncImageView.swift */,
				6223C0CF2A993EA900B0E448 /* ImageCache */,
				6223C0D42A993EF200B0E448 /* AsyncImageView.swift */,
				6223C0D62A993F0000B0E448 /* AsyncImageViewModel.swift */,
			);
			path = AsyncImageView;
			sourceTree = "<group>";
		};
		6223C0CF2A993EA900B0E448 /* ImageCache */ = {
			isa = PBXGroup;
			children = (
				6223C0D02A993EB600B0E448 /* ImageCache.swift */,
				6223C0D22A993EC100B0E448 /* ImageCacheProtocol.swift */,
			);
			path = ImageCache;
			sourceTree = "<group>";
		};
		6228C06E2A977618001BA163 = {
			isa = PBXGroup;
			children = (
				6228C0792A977618001BA163 /* crypto */,
				6228C08A2A97761B001BA163 /* cryptoTests */,
				6228C0942A97761C001BA163 /* cryptoUITests */,
				6228C0782A977618001BA163 /* Products */,
			);
			sourceTree = "<group>";
		};
		6228C0782A977618001BA163 /* Products */ = {
			isa = PBXGroup;
			children = (
				6228C0772A977618001BA163 /* crypto.app */,
				6228C0872A97761B001BA163 /* cryptoTests.xctest */,
				6228C0912A97761C001BA163 /* cryptoUITests.xctest */,
			);
			name = Products;
			sourceTree = "<group>";
		};
		6228C0792A977618001BA163 /* crypto */ = {
			isa = PBXGroup;
			children = (
				6228C0B62A97871E001BA163 /* Info.plist */,
				6223C0C12A98F51A00B0E448 /* Resolver+Registry.swift */,
				6228C0A42A9776AB001BA163 /* Features */,
				6223C0CD2A993E8600B0E448 /* Components */,
				6228C0BF2A97E832001BA163 /* Network */,
				6223C0CB2A993CDE00B0E448 /* Utils */,
				6228C0A72A97778D001BA163 /* Constants */,
				6228C07A2A977618001BA163 /* cryptoApp.swift */,
				6228C07E2A97761B001BA163 /* Assets.xcassets */,
				6228C0AE2A977D56001BA163 /* currencies_mock.json */,
				6228C0B32A9786FC001BA163 /* Poppins-Bold.ttf */,
				6228C0B22A9786FC001BA163 /* Poppins-Regular.ttf */,
				6228C0802A97761B001BA163 /* Preview Content */,
			);
			path = crypto;
			sourceTree = "<group>";
		};
		6228C0802A97761B001BA163 /* Preview Content */ = {
			isa = PBXGroup;
			children = (
				6228C0812A97761B001BA163 /* Preview Assets.xcassets */,
			);
			path = "Preview Content";
			sourceTree = "<group>";
		};
		6228C08A2A97761B001BA163 /* cryptoTests */ = {
			isa = PBXGroup;
			children = (
				6228C08B2A97761B001BA163 /* cryptoTests.swift */,
			);
			path = cryptoTests;
			sourceTree = "<group>";
		};
		6228C0942A97761C001BA163 /* cryptoUITests */ = {
			isa = PBXGroup;
			children = (
				6228C0952A97761C001BA163 /* cryptoUITests.swift */,
				6228C0972A97761C001BA163 /* cryptoUITestsLaunchTests.swift */,
			);
			path = cryptoUITests;
			sourceTree = "<group>";
		};
		6228C0A42A9776AB001BA163 /* Features */ = {
			isa = PBXGroup;
			children = (
				6223C0B12A98DB7200B0E448 /* Currency */,
			);
			path = Features;
			sourceTree = "<group>";
		};
		6228C0A52A9776C9001BA163 /* CurrencyList */ = {
			isa = PBXGroup;
			children = (
				6228C0AA2A977B9C001BA163 /* CurrencyListScreen.swift */,
				6228C0AC2A977BA9001BA163 /* CurrencyListViewModel.swift */,
				6223C0DA2A9A06E800B0E448 /* CurrerncyListItem.swift */,
				6223C0B42A98DC3B00B0E448 /* CurrencyListItemViewData.swift */,
			);
			path = CurrencyList;
			sourceTree = "<group>";
		};
		6228C0A62A9776D0001BA163 /* CurrencyDetails */ = {
			isa = PBXGroup;
			children = (
				6228C0B92A97B29C001BA163 /* CurrencyDetailsScreen.swift */,
				6228C0BB2A97B2B0001BA163 /* CurrencyDetailsViewModel.swift */,
				6223C0BA2A98E25B00B0E448 /* CurrencyDetailsViewData.swift */,
			);
			path = CurrencyDetails;
			sourceTree = "<group>";
		};
		6228C0A72A97778D001BA163 /* Constants */ = {
			isa = PBXGroup;
			children = (
				6228C0A82A9777A1001BA163 /* Colors.swift */,
				6228C0B02A978401001BA163 /* Images.swift */,
				6228C0B72A978773001BA163 /* Fonts.swift */,
				6223C0DC2A9A166000B0E448 /* Configuration.swift */,
			);
			path = Constants;
			sourceTree = "<group>";
		};
		6228C0BF2A97E832001BA163 /* Network */ = {
			isa = PBXGroup;
			children = (
				6223C0C52A98F9EB00B0E448 /* Resolver+Network.swift */,
				6228C0C62A97E973001BA163 /* AssetsApi.swift */,
			);
			path = Network;
			sourceTree = "<group>";
		};
/* End PBXGroup section */

/* Begin PBXNativeTarget section */
		6228C0762A977618001BA163 /* crypto */ = {
			isa = PBXNativeTarget;
			buildConfigurationList = 6228C09B2A97761C001BA163 /* Build configuration list for PBXNativeTarget "crypto" */;
			buildPhases = (
				6228C0732A977618001BA163 /* Sources */,
				6228C0742A977618001BA163 /* Frameworks */,
				6228C0752A977618001BA163 /* Resources */,
			);
			buildRules = (
			);
			dependencies = (
			);
			name = crypto;
			packageProductDependencies = (
				6223C0BF2A98F4F500B0E448 /* Resolver */,
			);
			productName = crypto;
			productReference = 6228C0772A977618001BA163 /* crypto.app */;
			productType = "com.apple.product-type.application";
		};
		6228C0862A97761B001BA163 /* cryptoTests */ = {
			isa = PBXNativeTarget;
			buildConfigurationList = 6228C09E2A97761C001BA163 /* Build configuration list for PBXNativeTarget "cryptoTests" */;
			buildPhases = (
				6228C0832A97761B001BA163 /* Sources */,
				6228C0842A97761B001BA163 /* Frameworks */,
				6228C0852A97761B001BA163 /* Resources */,
			);
			buildRules = (
			);
			dependencies = (
				6228C0892A97761B001BA163 /* PBXTargetDependency */,
			);
			name = cryptoTests;
			productName = cryptoTests;
			productReference = 6228C0872A97761B001BA163 /* cryptoTests.xctest */;
			productType = "com.apple.product-type.bundle.unit-test";
		};
		6228C0902A97761C001BA163 /* cryptoUITests */ = {
			isa = PBXNativeTarget;
			buildConfigurationList = 6228C0A12A97761C001BA163 /* Build configuration list for PBXNativeTarget "cryptoUITests" */;
			buildPhases = (
				6228C08D2A97761C001BA163 /* Sources */,
				6228C08E2A97761C001BA163 /* Frameworks */,
				6228C08F2A97761C001BA163 /* Resources */,
			);
			buildRules = (
			);
			dependencies = (
				6228C0932A97761C001BA163 /* PBXTargetDependency */,
			);
			name = cryptoUITests;
			productName = cryptoUITests;
			productReference = 6228C0912A97761C001BA163 /* cryptoUITests.xctest */;
			productType = "com.apple.product-type.bundle.ui-testing";
		};
/* End PBXNativeTarget section */

/* Begin PBXProject section */
		6228C06F2A977618001BA163 /* Project object */ = {
			isa = PBXProject;
			attributes = {
				BuildIndependentTargetsInParallel = 1;
				LastSwiftUpdateCheck = 1420;
				LastUpgradeCheck = 1420;
				TargetAttributes = {
					6228C0762A977618001BA163 = {
						CreatedOnToolsVersion = 14.2;
					};
					6228C0862A97761B001BA163 = {
						CreatedOnToolsVersion = 14.2;
						TestTargetID = 6228C0762A977618001BA163;
					};
					6228C0902A97761C001BA163 = {
						CreatedOnToolsVersion = 14.2;
						TestTargetID = 6228C0762A977618001BA163;
					};
				};
			};
			buildConfigurationList = 6228C0722A977618001BA163 /* Build configuration list for PBXProject "crypto" */;
			compatibilityVersion = "Xcode 14.0";
			developmentRegion = en;
			hasScannedForEncodings = 0;
			knownRegions = (
				en,
				Base,
			);
			mainGroup = 6228C06E2A977618001BA163;
			packageReferences = (
				6223C0BE2A98F4F500B0E448 /* XCRemoteSwiftPackageReference "Resolver" */,
			);
			productRefGroup = 6228C0782A977618001BA163 /* Products */;
			projectDirPath = "";
			projectRoot = "";
			targets = (
				6228C0762A977618001BA163 /* crypto */,
				6228C0862A97761B001BA163 /* cryptoTests */,
				6228C0902A97761C001BA163 /* cryptoUITests */,
			);
		};
/* End PBXProject section */

/* Begin PBXResourcesBuildPhase section */
		6228C0752A977618001BA163 /* Resources */ = {
			isa = PBXResourcesBuildPhase;
			buildActionMask = 2147483647;
			files = (
				6228C0822A97761B001BA163 /* Preview Assets.xcassets in Resources */,
				6228C0AF2A977D56001BA163 /* currencies_mock.json in Resources */,
				6228C0B52A9786FC001BA163 /* Poppins-Bold.ttf in Resources */,
				6228C07F2A97761B001BA163 /* Assets.xcassets in Resources */,
				6228C0B42A9786FC001BA163 /* Poppins-Regular.ttf in Resources */,
			);
			runOnlyForDeploymentPostprocessing = 0;
		};
		6228C0852A97761B001BA163 /* Resources */ = {
			isa = PBXResourcesBuildPhase;
			buildActionMask = 2147483647;
			files = (
			);
			runOnlyForDeploymentPostprocessing = 0;
		};
		6228C08F2A97761C001BA163 /* Resources */ = {
			isa = PBXResourcesBuildPhase;
			buildActionMask = 2147483647;
			files = (
			);
			runOnlyForDeploymentPostprocessing = 0;
		};
/* End PBXResourcesBuildPhase section */

/* Begin PBXSourcesBuildPhase section */
		6228C0732A977618001BA163 /* Sources */ = {
			isa = PBXSourcesBuildPhase;
			buildActionMask = 2147483647;
			files = (
				6223C0D32A993EC100B0E448 /* ImageCacheProtocol.swift in Sources */,
				6223C0D12A993EB600B0E448 /* ImageCache.swift in Sources */,
				6223C0DD2A9A166000B0E448 /* Configuration.swift in Sources */,
				6228C0A92A9777A1001BA163 /* Colors.swift in Sources */,
				6228C0C72A97E973001BA163 /* AssetsApi.swift in Sources */,
				6228C0AD2A977BA9001BA163 /* CurrencyListViewModel.swift in Sources */,
				6223C0C62A98F9EB00B0E448 /* Resolver+Network.swift in Sources */,
				6228C0BA2A97B29C001BA163 /* CurrencyDetailsScreen.swift in Sources */,
				6223C0B92A98DFE200B0E448 /* CurrencyUtils.swift in Sources */,
				6223C0B52A98DC3B00B0E448 /* CurrencyListItemViewData.swift in Sources */,
				6228C0B12A978401001BA163 /* Images.swift in Sources */,
				6228C0AB2A977B9C001BA163 /* CurrencyListScreen.swift in Sources */,
				6223C0D52A993EF200B0E448 /* AsyncImageView.swift in Sources */,
				6223C0CA2A993A5300B0E448 /* PercentageFormatterUtils.swift in Sources */,
				6223C0D72A993F0000B0E448 /* AsyncImageViewModel.swift in Sources */,
				6223C0DB2A9A06E800B0E448 /* CurrerncyListItem.swift in Sources */,
				6223C0B32A98DB8900B0E448 /* Currency.swift in Sources */,
				6223C0C42A98F55600B0E448 /* Resolver+Currency.swift in Sources */,
				6228C0B82A978773001BA163 /* Fonts.swift in Sources */,
				6223C0D92A993F7300B0E448 /* Resolver+AsyncImageView.swift in Sources */,
				6223C0BB2A98E25B00B0E448 /* CurrencyDetailsViewData.swift in Sources */,
				6223C0C22A98F51A00B0E448 /* Resolver+Registry.swift in Sources */,
				6228C0BC2A97B2B0001BA163 /* CurrencyDetailsViewModel.swift in Sources */,
				6228C07B2A977618001BA163 /* cryptoApp.swift in Sources */,
				6223C0B72A98DC6500B0E448 /* CurrencyChangeType.swift in Sources */,
				6223C0C82A9936A500B0E448 /* NumberShortenerUtils.swift in Sources */,
				6223C0BD2A98F23D00B0E448 /* CurrencyRepository.swift in Sources */,
				6228C0BE2A97E221001BA163 /* View+HiddenNavigationBar.swift in Sources */,
			);
			runOnlyForDeploymentPostprocessing = 0;
		};
		6228C0832A97761B001BA163 /* Sources */ = {
			isa = PBXSourcesBuildPhase;
			buildActionMask = 2147483647;
			files = (
				6228C08C2A97761B001BA163 /* cryptoTests.swift in Sources */,
			);
			runOnlyForDeploymentPostprocessing = 0;
		};
		6228C08D2A97761C001BA163 /* Sources */ = {
			isa = PBXSourcesBuildPhase;
			buildActionMask = 2147483647;
			files = (
				6228C0962A97761C001BA163 /* cryptoUITests.swift in Sources */,
				6228C0982A97761C001BA163 /* cryptoUITestsLaunchTests.swift in Sources */,
			);
			runOnlyForDeploymentPostprocessing = 0;
		};
/* End PBXSourcesBuildPhase section */

/* Begin PBXTargetDependency section */
		6228C0892A97761B001BA163 /* PBXTargetDependency */ = {
			isa = PBXTargetDependency;
			target = 6228C0762A977618001BA163 /* crypto */;
			targetProxy = 6228C0882A97761B001BA163 /* PBXContainerItemProxy */;
		};
		6228C0932A97761C001BA163 /* PBXTargetDependency */ = {
			isa = PBXTargetDependency;
			target = 6228C0762A977618001BA163 /* crypto */;
			targetProxy = 6228C0922A97761C001BA163 /* PBXContainerItemProxy */;
		};
/* End PBXTargetDependency section */

/* Begin XCBuildConfiguration section */
		6228C0992A97761C001BA163 /* Debug */ = {
			isa = XCBuildConfiguration;
			buildSettings = {
				ALWAYS_SEARCH_USER_PATHS = NO;
				CLANG_ANALYZER_NONNULL = YES;
				CLANG_ANALYZER_NUMBER_OBJECT_CONVERSION = YES_AGGRESSIVE;
				CLANG_CXX_LANGUAGE_STANDARD = "gnu++20";
				CLANG_ENABLE_MODULES = YES;
				CLANG_ENABLE_OBJC_ARC = YES;
				CLANG_ENABLE_OBJC_WEAK = YES;
				CLANG_WARN_BLOCK_CAPTURE_AUTORELEASING = YES;
				CLANG_WARN_BOOL_CONVERSION = YES;
				CLANG_WARN_COMMA = YES;
				CLANG_WARN_CONSTANT_CONVERSION = YES;
				CLANG_WARN_DEPRECATED_OBJC_IMPLEMENTATIONS = YES;
				CLANG_WARN_DIRECT_OBJC_ISA_USAGE = YES_ERROR;
				CLANG_WARN_DOCUMENTATION_COMMENTS = YES;
				CLANG_WARN_EMPTY_BODY = YES;
				CLANG_WARN_ENUM_CONVERSION = YES;
				CLANG_WARN_INFINITE_RECURSION = YES;
				CLANG_WARN_INT_CONVERSION = YES;
				CLANG_WARN_NON_LITERAL_NULL_CONVERSION = YES;
				CLANG_WARN_OBJC_IMPLICIT_RETAIN_SELF = YES;
				CLANG_WARN_OBJC_LITERAL_CONVERSION = YES;
				CLANG_WARN_OBJC_ROOT_CLASS = YES_ERROR;
				CLANG_WARN_QUOTED_INCLUDE_IN_FRAMEWORK_HEADER = YES;
				CLANG_WARN_RANGE_LOOP_ANALYSIS = YES;
				CLANG_WARN_STRICT_PROTOTYPES = YES;
				CLANG_WARN_SUSPICIOUS_MOVE = YES;
				CLANG_WARN_UNGUARDED_AVAILABILITY = YES_AGGRESSIVE;
				CLANG_WARN_UNREACHABLE_CODE = YES;
				CLANG_WARN__DUPLICATE_METHOD_MATCH = YES;
				COPY_PHASE_STRIP = NO;
				DEBUG_INFORMATION_FORMAT = dwarf;
				ENABLE_STRICT_OBJC_MSGSEND = YES;
				ENABLE_TESTABILITY = YES;
				GCC_C_LANGUAGE_STANDARD = gnu11;
				GCC_DYNAMIC_NO_PIC = NO;
				GCC_NO_COMMON_BLOCKS = YES;
				GCC_OPTIMIZATION_LEVEL = 0;
				GCC_PREPROCESSOR_DEFINITIONS = (
					"DEBUG=1",
					"$(inherited)",
				);
				GCC_WARN_64_TO_32_BIT_CONVERSION = YES;
				GCC_WARN_ABOUT_RETURN_TYPE = YES_ERROR;
				GCC_WARN_UNDECLARED_SELECTOR = YES;
				GCC_WARN_UNINITIALIZED_AUTOS = YES_AGGRESSIVE;
				GCC_WARN_UNUSED_FUNCTION = YES;
				GCC_WARN_UNUSED_VARIABLE = YES;
				IPHONEOS_DEPLOYMENT_TARGET = 16.2;
				MTL_ENABLE_DEBUG_INFO = INCLUDE_SOURCE;
				MTL_FAST_MATH = YES;
				ONLY_ACTIVE_ARCH = YES;
				SDKROOT = iphoneos;
				SWIFT_ACTIVE_COMPILATION_CONDITIONS = DEBUG;
				SWIFT_OPTIMIZATION_LEVEL = "-Onone";
			};
			name = Debug;
		};
		6228C09A2A97761C001BA163 /* Release */ = {
			isa = XCBuildConfiguration;
			buildSettings = {
				ALWAYS_SEARCH_USER_PATHS = NO;
				CLANG_ANALYZER_NONNULL = YES;
				CLANG_ANALYZER_NUMBER_OBJECT_CONVERSION = YES_AGGRESSIVE;
				CLANG_CXX_LANGUAGE_STANDARD = "gnu++20";
				CLANG_ENABLE_MODULES = YES;
				CLANG_ENABLE_OBJC_ARC = YES;
				CLANG_ENABLE_OBJC_WEAK = YES;
				CLANG_WARN_BLOCK_CAPTURE_AUTORELEASING = YES;
				CLANG_WARN_BOOL_CONVERSION = YES;
				CLANG_WARN_COMMA = YES;
				CLANG_WARN_CONSTANT_CONVERSION = YES;
				CLANG_WARN_DEPRECATED_OBJC_IMPLEMENTATIONS = YES;
				CLANG_WARN_DIRECT_OBJC_ISA_USAGE = YES_ERROR;
				CLANG_WARN_DOCUMENTATION_COMMENTS = YES;
				CLANG_WARN_EMPTY_BODY = YES;
				CLANG_WARN_ENUM_CONVERSION = YES;
				CLANG_WARN_INFINITE_RECURSION = YES;
				CLANG_WARN_INT_CONVERSION = YES;
				CLANG_WARN_NON_LITERAL_NULL_CONVERSION = YES;
				CLANG_WARN_OBJC_IMPLICIT_RETAIN_SELF = YES;
				CLANG_WARN_OBJC_LITERAL_CONVERSION = YES;
				CLANG_WARN_OBJC_ROOT_CLASS = YES_ERROR;
				CLANG_WARN_QUOTED_INCLUDE_IN_FRAMEWORK_HEADER = YES;
				CLANG_WARN_RANGE_LOOP_ANALYSIS = YES;
				CLANG_WARN_STRICT_PROTOTYPES = YES;
				CLANG_WARN_SUSPICIOUS_MOVE = YES;
				CLANG_WARN_UNGUARDED_AVAILABILITY = YES_AGGRESSIVE;
				CLANG_WARN_UNREACHABLE_CODE = YES;
				CLANG_WARN__DUPLICATE_METHOD_MATCH = YES;
				COPY_PHASE_STRIP = NO;
				DEBUG_INFORMATION_FORMAT = "dwarf-with-dsym";
				ENABLE_NS_ASSERTIONS = NO;
				ENABLE_STRICT_OBJC_MSGSEND = YES;
				GCC_C_LANGUAGE_STANDARD = gnu11;
				GCC_NO_COMMON_BLOCKS = YES;
				GCC_WARN_64_TO_32_BIT_CONVERSION = YES;
				GCC_WARN_ABOUT_RETURN_TYPE = YES_ERROR;
				GCC_WARN_UNDECLARED_SELECTOR = YES;
				GCC_WARN_UNINITIALIZED_AUTOS = YES_AGGRESSIVE;
				GCC_WARN_UNUSED_FUNCTION = YES;
				GCC_WARN_UNUSED_VARIABLE = YES;
				IPHONEOS_DEPLOYMENT_TARGET = 16.2;
				MTL_ENABLE_DEBUG_INFO = NO;
				MTL_FAST_MATH = YES;
				SDKROOT = iphoneos;
				SWIFT_COMPILATION_MODE = wholemodule;
				SWIFT_OPTIMIZATION_LEVEL = "-O";
				VALIDATE_PRODUCT = YES;
			};
			name = Release;
		};
		6228C09C2A97761C001BA163 /* Debug */ = {
			isa = XCBuildConfiguration;
			buildSettings = {
				ASSETCATALOG_COMPILER_APPICON_NAME = AppIcon;
				ASSETCATALOG_COMPILER_GLOBAL_ACCENT_COLOR_NAME = AccentColor;
				CODE_SIGN_STYLE = Automatic;
				CURRENT_PROJECT_VERSION = 1;
				DEVELOPMENT_ASSET_PATHS = "\"crypto/Preview Content\"";
				DEVELOPMENT_TEAM = QT666FZ6Y2;
				ENABLE_PREVIEWS = YES;
				GENERATE_INFOPLIST_FILE = YES;
				INFOPLIST_FILE = crypto/Info.plist;
				INFOPLIST_KEY_UIApplicationSceneManifest_Generation = YES;
				INFOPLIST_KEY_UIApplicationSupportsIndirectInputEvents = YES;
				INFOPLIST_KEY_UILaunchScreen_Generation = YES;
				INFOPLIST_KEY_UISupportedInterfaceOrientations_iPad = "UIInterfaceOrientationPortrait UIInterfaceOrientationPortraitUpsideDown UIInterfaceOrientationLandscapeLeft UIInterfaceOrientationLandscapeRight";
				INFOPLIST_KEY_UISupportedInterfaceOrientations_iPhone = "UIInterfaceOrientationPortrait UIInterfaceOrientationLandscapeLeft UIInterfaceOrientationLandscapeRight";
				LD_RUNPATH_SEARCH_PATHS = (
					"$(inherited)",
					"@executable_path/Frameworks",
				);
				MARKETING_VERSION = 1.0;
				PRODUCT_BUNDLE_IDENTIFIER = com.gaboreszenyi.crypto;
				PRODUCT_NAME = "$(TARGET_NAME)";
				SWIFT_EMIT_LOC_STRINGS = YES;
				SWIFT_VERSION = 5.0;
				TARGETED_DEVICE_FAMILY = "1,2";
			};
			name = Debug;
		};
		6228C09D2A97761C001BA163 /* Release */ = {
			isa = XCBuildConfiguration;
			buildSettings = {
				ASSETCATALOG_COMPILER_APPICON_NAME = AppIcon;
				ASSETCATALOG_COMPILER_GLOBAL_ACCENT_COLOR_NAME = AccentColor;
				CODE_SIGN_STYLE = Automatic;
				CURRENT_PROJECT_VERSION = 1;
				DEVELOPMENT_ASSET_PATHS = "\"crypto/Preview Content\"";
				DEVELOPMENT_TEAM = QT666FZ6Y2;
				ENABLE_PREVIEWS = YES;
				GENERATE_INFOPLIST_FILE = YES;
				INFOPLIST_FILE = crypto/Info.plist;
				INFOPLIST_KEY_UIApplicationSceneManifest_Generation = YES;
				INFOPLIST_KEY_UIApplicationSupportsIndirectInputEvents = YES;
				INFOPLIST_KEY_UILaunchScreen_Generation = YES;
				INFOPLIST_KEY_UISupportedInterfaceOrientations_iPad = "UIInterfaceOrientationPortrait UIInterfaceOrientationPortraitUpsideDown UIInterfaceOrientationLandscapeLeft UIInterfaceOrientationLandscapeRight";
				INFOPLIST_KEY_UISupportedInterfaceOrientations_iPhone = "UIInterfaceOrientationPortrait UIInterfaceOrientationLandscapeLeft UIInterfaceOrientationLandscapeRight";
				LD_RUNPATH_SEARCH_PATHS = (
					"$(inherited)",
					"@executable_path/Frameworks",
				);
				MARKETING_VERSION = 1.0;
				PRODUCT_BUNDLE_IDENTIFIER = com.gaboreszenyi.crypto;
				PRODUCT_NAME = "$(TARGET_NAME)";
				SWIFT_EMIT_LOC_STRINGS = YES;
				SWIFT_VERSION = 5.0;
				TARGETED_DEVICE_FAMILY = "1,2";
			};
			name = Release;
		};
		6228C09F2A97761C001BA163 /* Debug */ = {
			isa = XCBuildConfiguration;
			buildSettings = {
				ALWAYS_EMBED_SWIFT_STANDARD_LIBRARIES = YES;
				BUNDLE_LOADER = "$(TEST_HOST)";
				CODE_SIGN_STYLE = Automatic;
				CURRENT_PROJECT_VERSION = 1;
				DEVELOPMENT_TEAM = QT666FZ6Y2;
				GENERATE_INFOPLIST_FILE = YES;
				IPHONEOS_DEPLOYMENT_TARGET = 16.2;
				MARKETING_VERSION = 1.0;
				PRODUCT_BUNDLE_IDENTIFIER = com.gaboreszenyi.cryptoTests;
				PRODUCT_NAME = "$(TARGET_NAME)";
				SWIFT_EMIT_LOC_STRINGS = NO;
				SWIFT_VERSION = 5.0;
				TARGETED_DEVICE_FAMILY = "1,2";
				TEST_HOST = "$(BUILT_PRODUCTS_DIR)/crypto.app/$(BUNDLE_EXECUTABLE_FOLDER_PATH)/crypto";
			};
			name = Debug;
		};
		6228C0A02A97761C001BA163 /* Release */ = {
			isa = XCBuildConfiguration;
			buildSettings = {
				ALWAYS_EMBED_SWIFT_STANDARD_LIBRARIES = YES;
				BUNDLE_LOADER = "$(TEST_HOST)";
				CODE_SIGN_STYLE = Automatic;
				CURRENT_PROJECT_VERSION = 1;
				DEVELOPMENT_TEAM = QT666FZ6Y2;
				GENERATE_INFOPLIST_FILE = YES;
				IPHONEOS_DEPLOYMENT_TARGET = 16.2;
				MARKETING_VERSION = 1.0;
				PRODUCT_BUNDLE_IDENTIFIER = com.gaboreszenyi.cryptoTests;
				PRODUCT_NAME = "$(TARGET_NAME)";
				SWIFT_EMIT_LOC_STRINGS = NO;
				SWIFT_VERSION = 5.0;
				TARGETED_DEVICE_FAMILY = "1,2";
				TEST_HOST = "$(BUILT_PRODUCTS_DIR)/crypto.app/$(BUNDLE_EXECUTABLE_FOLDER_PATH)/crypto";
			};
			name = Release;
		};
		6228C0A22A97761C001BA163 /* Debug */ = {
			isa = XCBuildConfiguration;
			buildSettings = {
				ALWAYS_EMBED_SWIFT_STANDARD_LIBRARIES = YES;
				CODE_SIGN_STYLE = Automatic;
				CURRENT_PROJECT_VERSION = 1;
				DEVELOPMENT_TEAM = QT666FZ6Y2;
				GENERATE_INFOPLIST_FILE = YES;
				MARKETING_VERSION = 1.0;
				PRODUCT_BUNDLE_IDENTIFIER = com.gaboreszenyi.cryptoUITests;
				PRODUCT_NAME = "$(TARGET_NAME)";
				SWIFT_EMIT_LOC_STRINGS = NO;
				SWIFT_VERSION = 5.0;
				TARGETED_DEVICE_FAMILY = "1,2";
				TEST_TARGET_NAME = crypto;
			};
			name = Debug;
		};
		6228C0A32A97761C001BA163 /* Release */ = {
			isa = XCBuildConfiguration;
			buildSettings = {
				ALWAYS_EMBED_SWIFT_STANDARD_LIBRARIES = YES;
				CODE_SIGN_STYLE = Automatic;
				CURRENT_PROJECT_VERSION = 1;
				DEVELOPMENT_TEAM = QT666FZ6Y2;
				GENERATE_INFOPLIST_FILE = YES;
				MARKETING_VERSION = 1.0;
				PRODUCT_BUNDLE_IDENTIFIER = com.gaboreszenyi.cryptoUITests;
				PRODUCT_NAME = "$(TARGET_NAME)";
				SWIFT_EMIT_LOC_STRINGS = NO;
				SWIFT_VERSION = 5.0;
				TARGETED_DEVICE_FAMILY = "1,2";
				TEST_TARGET_NAME = crypto;
			};
			name = Release;
		};
/* End XCBuildConfiguration section */

/* Begin XCConfigurationList section */
		6228C0722A977618001BA163 /* Build configuration list for PBXProject "crypto" */ = {
			isa = XCConfigurationList;
			buildConfigurations = (
				6228C0992A97761C001BA163 /* Debug */,
				6228C09A2A97761C001BA163 /* Release */,
			);
			defaultConfigurationIsVisible = 0;
			defaultConfigurationName = Release;
		};
		6228C09B2A97761C001BA163 /* Build configuration list for PBXNativeTarget "crypto" */ = {
			isa = XCConfigurationList;
			buildConfigurations = (
				6228C09C2A97761C001BA163 /* Debug */,
				6228C09D2A97761C001BA163 /* Release */,
			);
			defaultConfigurationIsVisible = 0;
			defaultConfigurationName = Release;
		};
		6228C09E2A97761C001BA163 /* Build configuration list for PBXNativeTarget "cryptoTests" */ = {
			isa = XCConfigurationList;
			buildConfigurations = (
				6228C09F2A97761C001BA163 /* Debug */,
				6228C0A02A97761C001BA163 /* Release */,
			);
			defaultConfigurationIsVisible = 0;
			defaultConfigurationName = Release;
		};
		6228C0A12A97761C001BA163 /* Build configuration list for PBXNativeTarget "cryptoUITests" */ = {
			isa = XCConfigurationList;
			buildConfigurations = (
				6228C0A22A97761C001BA163 /* Debug */,
				6228C0A32A97761C001BA163 /* Release */,
			);
			defaultConfigurationIsVisible = 0;
			defaultConfigurationName = Release;
		};
/* End XCConfigurationList section */

/* Begin XCRemoteSwiftPackageReference section */
		6223C0BE2A98F4F500B0E448 /* XCRemoteSwiftPackageReference "Resolver" */ = {
			isa = XCRemoteSwiftPackageReference;
			repositoryURL = "https://github.com/hmlongco/Resolver";
			requirement = {
				branch = master;
				kind = branch;
			};
		};
/* End XCRemoteSwiftPackageReference section */

/* Begin XCSwiftPackageProductDependency section */
		6223C0BF2A98F4F500B0E448 /* Resolver */ = {
			isa = XCSwiftPackageProductDependency;
			package = 6223C0BE2A98F4F500B0E448 /* XCRemoteSwiftPackageReference "Resolver" */;
			productName = Resolver;
		};
/* End XCSwiftPackageProductDependency section */
	};
	rootObject = 6228C06F2A977618001BA163 /* Project object */;
}
