// !$*UTF8*$!
{
	archiveVersion = 1;
	classes = {
	};
	objectVersion = 56;
	objects = {

/* Begin PBXBuildFile section */
		6228C07B2A977618001BA163 /* cryptoApp.swift in Sources */ = {isa = PBXBuildFile; fileRef = 6228C07A2A977618001BA163 /* cryptoApp.swift */; };
		6228C07D2A977618001BA163 /* ContentView.swift in Sources */ = {isa = PBXBuildFile; fileRef = 6228C07C2A977618001BA163 /* ContentView.swift */; };
		6228C07F2A97761B001BA163 /* Assets.xcassets in Resources */ = {isa = PBXBuildFile; fileRef = 6228C07E2A97761B001BA163 /* Assets.xcassets */; };
		6228C0822A97761B001BA163 /* Preview Assets.xcassets in Resources */ = {isa = PBXBuildFile; fileRef = 6228C0812A97761B001BA163 /* Preview Assets.xcassets */; };
		6228C08C2A97761B001BA163 /* cryptoTests.swift in Sources */ = {isa = PBXBuildFile; fileRef = 6228C08B2A97761B001BA163 /* cryptoTests.swift */; };
		6228C0962A97761C001BA163 /* cryptoUITests.swift in Sources */ = {isa = PBXBuildFile; fileRef = 6228C0952A97761C001BA163 /* cryptoUITests.swift */; };
		6228C0982A97761C001BA163 /* cryptoUITestsLaunchTests.swift in Sources */ = {isa = PBXBuildFile; fileRef = 6228C0972A97761C001BA163 /* cryptoUITestsLaunchTests.swift */; };
/* End PBXBuildFile section */

/* Begin PBXContainerItemProxy section */
		6228C0882A97761B001BA163 /* PBXContainerItemProxy */ = {
			isa = PBXContainerItemProxy;
			containerPortal = 6228C06F2A977618001BA163 /* Project object */;
			proxyType = 1;
			remoteGlobalIDString = 6228C0762A977618001BA163;
			remoteInfo = crypto;
		};
		6228C0922A97761C001BA163 /* PBXContainerItemProxy */ = {
			isa = PBXContainerItemProxy;
			containerPortal = 6228C06F2A977618001BA163 /* Project object */;
			proxyType = 1;
			remoteGlobalIDString = 6228C0762A977618001BA163;
			remoteInfo = crypto;
		};
/* End PBXContainerItemProxy section */

/* Begin PBXFileReference section */
		6228C0772A977618001BA163 /* crypto.app */ = {isa = PBXFileReference; explicitFileType = wrapper.application; includeInIndex = 0; path = crypto.app; sourceTree = BUILT_PRODUCTS_DIR; };
		6228C07A2A977618001BA163 /* cryptoApp.swift */ = {isa = PBXFileReference; lastKnownFileType = sourcecode.swift; path = cryptoApp.swift; sourceTree = "<group>"; };
		6228C07C2A977618001BA163 /* ContentView.swift */ = {isa = PBXFileReference; lastKnownFileType = sourcecode.swift; path = ContentView.swift; sourceTree = "<group>"; };
		6228C07E2A97761B001BA163 /* Assets.xcassets */ = {isa = PBXFileReference; lastKnownFileType = folder.assetcatalog; path = Assets.xcassets; sourceTree = "<group>"; };
		6228C0812A97761B001BA163 /* Preview Assets.xcassets */ = {isa = PBXFileReference; lastKnownFileType = folder.assetcatalog; path = "Preview Assets.xcassets"; sourceTree = "<group>"; };
		6228C0872A97761B001BA163 /* cryptoTests.xctest */ = {isa = PBXFileReference; explicitFileType = wrapper.cfbundle; includeInIndex = 0; path = cryptoTests.xctest; sourceTree = BUILT_PRODUCTS_DIR; };
		6228C08B2A97761B001BA163 /* cryptoTests.swift */ = {isa = PBXFileReference; lastKnownFileType = sourcecode.swift; path = cryptoTests.swift; sourceTree = "<group>"; };
		6228C0912A97761C001BA163 /* cryptoUITests.xctest */ = {isa = PBXFileReference; explicitFileType = wrapper.cfbundle; includeInIndex = 0; path = cryptoUITests.xctest; sourceTree = BUILT_PRODUCTS_DIR; };
		6228C0952A97761C001BA163 /* cryptoUITests.swift */ = {isa = PBXFileReference; lastKnownFileType = sourcecode.swift; path = cryptoUITests.swift; sourceTree = "<group>"; };
		6228C0972A97761C001BA163 /* cryptoUITestsLaunchTests.swift */ = {isa = PBXFileReference; lastKnownFileType = sourcecode.swift; path = cryptoUITestsLaunchTests.swift; sourceTree = "<group>"; };
/* End PBXFileReference section */

/* Begin PBXFrameworksBuildPhase section */
		6228C0742A977618001BA163 /* Frameworks */ = {
			isa = PBXFrameworksBuildPhase;
			buildActionMask = 2147483647;
			files = (
			);
			runOnlyForDeploymentPostprocessing = 0;
		};
		6228C0842A97761B001BA163 /* Frameworks */ = {
			isa = PBXFrameworksBuildPhase;
			buildActionMask = 2147483647;
			files = (
			);
			runOnlyForDeploymentPostprocessing = 0;
		};
		6228C08E2A97761C001BA163 /* Frameworks */ = {
			isa = PBXFrameworksBuildPhase;
			buildActionMask = 2147483647;
			files = (
			);
			runOnlyForDeploymentPostprocessing = 0;
		};
/* End PBXFrameworksBuildPhase section */

/* Begin PBXGroup section */
		6228C06E2A977618001BA163 = {
			isa = PBXGroup;
			children = (
				6228C0792A977618001BA163 /* crypto */,
				6228C08A2A97761B001BA163 /* cryptoTests */,
				6228C0942A97761C001BA163 /* cryptoUITests */,
				6228C0782A977618001BA163 /* Products */,
			);
			sourceTree = "<group>";
		};
		6228C0782A977618001BA163 /* Products */ = {
			isa = PBXGroup;
			children = (
				6228C0772A977618001BA163 /* crypto.app */,
				6228C0872A97761B001BA163 /* cryptoTests.xctest */,
				6228C0912A97761C001BA163 /* cryptoUITests.xctest */,
			);
			name = Products;
			sourceTree = "<group>";
		};
		6228C0792A977618001BA163 /* crypto */ = {
			isa = PBXGroup;
			children = (
				6228C07A2A977618001BA163 /* cryptoApp.swift */,
				6228C07C2A977618001BA163 /* ContentView.swift */,
				6228C07E2A97761B001BA163 /* Assets.xcassets */,
				6228C0802A97761B001BA163 /* Preview Content */,
			);
			path = crypto;
			sourceTree = "<group>";
		};
		6228C0802A97761B001BA163 /* Preview Content */ = {
			isa = PBXGroup;
			children = (
				6228C0812A97761B001BA163 /* Preview Assets.xcassets */,
			);
			path = "Preview Content";
			sourceTree = "<group>";
		};
		6228C08A2A97761B001BA163 /* cryptoTests */ = {
			isa = PBXGroup;
			children = (
				6228C08B2A97761B001BA163 /* cryptoTests.swift */,
			);
			path = cryptoTests;
			sourceTree = "<group>";
		};
		6228C0942A97761C001BA163 /* cryptoUITests */ = {
			isa = PBXGroup;
			children = (
				6228C0952A97761C001BA163 /* cryptoUITests.swift */,
				6228C0972A97761C001BA163 /* cryptoUITestsLaunchTests.swift */,
			);
			path = cryptoUITests;
			sourceTree = "<group>";
		};
/* End PBXGroup section */

/* Begin PBXNativeTarget section */
		6228C0762A977618001BA163 /* crypto */ = {
			isa = PBXNativeTarget;
			buildConfigurationList = 6228C09B2A97761C001BA163 /* Build configuration list for PBXNativeTarget "crypto" */;
			buildPhases = (
				6228C0732A977618001BA163 /* Sources */,
				6228C0742A977618001BA163 /* Frameworks */,
				6228C0752A977618001BA163 /* Resources */,
			);
			buildRules = (
			);
			dependencies = (
			);
			name = crypto;
			productName = crypto;
			productReference = 6228C0772A977618001BA163 /* crypto.app */;
			productType = "com.apple.product-type.application";
		};
		6228C0862A97761B001BA163 /* cryptoTests */ = {
			isa = PBXNativeTarget;
			buildConfigurationList = 6228C09E2A97761C001BA163 /* Build configuration list for PBXNativeTarget "cryptoTests" */;
			buildPhases = (
				6228C0832A97761B001BA163 /* Sources */,
				6228C0842A97761B001BA163 /* Frameworks */,
				6228C0852A97761B001BA163 /* Resources */,
			);
			buildRules = (
			);
			dependencies = (
				6228C0892A97761B001BA163 /* PBXTargetDependency */,
			);
			name = cryptoTests;
			productName = cryptoTests;
			productReference = 6228C0872A97761B001BA163 /* cryptoTests.xctest */;
			productType = "com.apple.product-type.bundle.unit-test";
		};
		6228C0902A97761C001BA163 /* cryptoUITests */ = {
			isa = PBXNativeTarget;
			buildConfigurationList = 6228C0A12A97761C001BA163 /* Build configuration list for PBXNativeTarget "cryptoUITests" */;
			buildPhases = (
				6228C08D2A97761C001BA163 /* Sources */,
				6228C08E2A97761C001BA163 /* Frameworks */,
				6228C08F2A97761C001BA163 /* Resources */,
			);
			buildRules = (
			);
			dependencies = (
				6228C0932A97761C001BA163 /* PBXTargetDependency */,
			);
			name = cryptoUITests;
			productName = cryptoUITests;
			productReference = 6228C0912A97761C001BA163 /* cryptoUITests.xctest */;
			productType = "com.apple.product-type.bundle.ui-testing";
		};
/* End PBXNativeTarget section */

/* Begin PBXProject section */
		6228C06F2A977618001BA163 /* Project object */ = {
			isa = PBXProject;
			attributes = {
				BuildIndependentTargetsInParallel = 1;
				LastSwiftUpdateCheck = 1420;
				LastUpgradeCheck = 1420;
				TargetAttributes = {
					6228C0762A977618001BA163 = {
						CreatedOnToolsVersion = 14.2;
					};
					6228C0862A97761B001BA163 = {
						CreatedOnToolsVersion = 14.2;
						TestTargetID = 6228C0762A977618001BA163;
					};
					6228C0902A97761C001BA163 = {
						CreatedOnToolsVersion = 14.2;
						TestTargetID = 6228C0762A977618001BA163;
					};
				};
			};
			buildConfigurationList = 6228C0722A977618001BA163 /* Build configuration list for PBXProject "crypto" */;
			compatibilityVersion = "Xcode 14.0";
			developmentRegion = en;
			hasScannedForEncodings = 0;
			knownRegions = (
				en,
				Base,
			);
			mainGroup = 6228C06E2A977618001BA163;
			productRefGroup = 6228C0782A977618001BA163 /* Products */;
			projectDirPath = "";
			projectRoot = "";
			targets = (
				6228C0762A977618001BA163 /* crypto */,
				6228C0862A97761B001BA163 /* cryptoTests */,
				6228C0902A97761C001BA163 /* cryptoUITests */,
			);
		};
/* End PBXProject section */

/* Begin PBXResourcesBuildPhase section */
		6228C0752A977618001BA163 /* Resources */ = {
			isa = PBXResourcesBuildPhase;
			buildActionMask = 2147483647;
			files = (
				6228C0822A97761B001BA163 /* Preview Assets.xcassets in Resources */,
				6228C07F2A97761B001BA163 /* Assets.xcassets in Resources */,
			);
			runOnlyForDeploymentPostprocessing = 0;
		};
		6228C0852A97761B001BA163 /* Resources */ = {
			isa = PBXResourcesBuildPhase;
			buildActionMask = 2147483647;
			files = (
			);
			runOnlyForDeploymentPostprocessing = 0;
		};
		6228C08F2A97761C001BA163 /* Resources */ = {
			isa = PBXResourcesBuildPhase;
			buildActionMask = 2147483647;
			files = (
			);
			runOnlyForDeploymentPostprocessing = 0;
		};
/* End PBXResourcesBuildPhase section */

/* Begin PBXSourcesBuildPhase section */
		6228C0732A977618001BA163 /* Sources */ = {
			isa = PBXSourcesBuildPhase;
			buildActionMask = 2147483647;
			files = (
				6228C07D2A977618001BA163 /* ContentView.swift in Sources */,
				6228C07B2A977618001BA163 /* cryptoApp.swift in Sources */,
			);
			runOnlyForDeploymentPostprocessing = 0;
		};
		6228C0832A97761B001BA163 /* Sources */ = {
			isa = PBXSourcesBuildPhase;
			buildActionMask = 2147483647;
			files = (
				6228C08C2A97761B001BA163 /* cryptoTests.swift in Sources */,
			);
			runOnlyForDeploymentPostprocessing = 0;
		};
		6228C08D2A97761C001BA163 /* Sources */ = {
			isa = PBXSourcesBuildPhase;
			buildActionMask = 2147483647;
			files = (
				6228C0962A97761C001BA163 /* cryptoUITests.swift in Sources */,
				6228C0982A97761C001BA163 /* cryptoUITestsLaunchTests.swift in Sources */,
			);
			runOnlyForDeploymentPostprocessing = 0;
		};
/* End PBXSourcesBuildPhase section */

/* Begin PBXTargetDependency section */
		6228C0892A97761B001BA163 /* PBXTargetDependency */ = {
			isa = PBXTargetDependency;
			target = 6228C0762A977618001BA163 /* crypto */;
			targetProxy = 6228C0882A97761B001BA163 /* PBXContainerItemProxy */;
		};
		6228C0932A97761C001BA163 /* PBXTargetDependency */ = {
			isa = PBXTargetDependency;
			target = 6228C0762A977618001BA163 /* crypto */;
			targetProxy = 6228C0922A97761C001BA163 /* PBXContainerItemProxy */;
		};
/* End PBXTargetDependency section */

/* Begin XCBuildConfiguration section */
		6228C0992A97761C001BA163 /* Debug */ = {
			isa = XCBuildConfiguration;
			buildSettings = {
				ALWAYS_SEARCH_USER_PATHS = NO;
				CLANG_ANALYZER_NONNULL = YES;
				CLANG_ANALYZER_NUMBER_OBJECT_CONVERSION = YES_AGGRESSIVE;
				CLANG_CXX_LANGUAGE_STANDARD = "gnu++20";
				CLANG_ENABLE_MODULES = YES;
				CLANG_ENABLE_OBJC_ARC = YES;
				CLANG_ENABLE_OBJC_WEAK = YES;
				CLANG_WARN_BLOCK_CAPTURE_AUTORELEASING = YES;
				CLANG_WARN_BOOL_CONVERSION = YES;
				CLANG_WARN_COMMA = YES;
				CLANG_WARN_CONSTANT_CONVERSION = YES;
				CLANG_WARN_DEPRECATED_OBJC_IMPLEMENTATIONS = YES;
				CLANG_WARN_DIRECT_OBJC_ISA_USAGE = YES_ERROR;
				CLANG_WARN_DOCUMENTATION_COMMENTS = YES;
				CLANG_WARN_EMPTY_BODY = YES;
				CLANG_WARN_ENUM_CONVERSION = YES;
				CLANG_WARN_INFINITE_RECURSION = YES;
				CLANG_WARN_INT_CONVERSION = YES;
				CLANG_WARN_NON_LITERAL_NULL_CONVERSION = YES;
				CLANG_WARN_OBJC_IMPLICIT_RETAIN_SELF = YES;
				CLANG_WARN_OBJC_LITERAL_CONVERSION = YES;
				CLANG_WARN_OBJC_ROOT_CLASS = YES_ERROR;
				CLANG_WARN_QUOTED_INCLUDE_IN_FRAMEWORK_HEADER = YES;
				CLANG_WARN_RANGE_LOOP_ANALYSIS = YES;
				CLANG_WARN_STRICT_PROTOTYPES = YES;
				CLANG_WARN_SUSPICIOUS_MOVE = YES;
				CLANG_WARN_UNGUARDED_AVAILABILITY = YES_AGGRESSIVE;
				CLANG_WARN_UNREACHABLE_CODE = YES;
				CLANG_WARN__DUPLICATE_METHOD_MATCH = YES;
				COPY_PHASE_STRIP = NO;
				DEBUG_INFORMATION_FORMAT = dwarf;
				ENABLE_STRICT_OBJC_MSGSEND = YES;
				ENABLE_TESTABILITY = YES;
				GCC_C_LANGUAGE_STANDARD = gnu11;
				GCC_DYNAMIC_NO_PIC = NO;
				GCC_NO_COMMON_BLOCKS = YES;
				GCC_OPTIMIZATION_LEVEL = 0;
				GCC_PREPROCESSOR_DEFINITIONS = (
					"DEBUG=1",
					"$(inherited)",
				);
				GCC_WARN_64_TO_32_BIT_CONVERSION = YES;
				GCC_WARN_ABOUT_RETURN_TYPE = YES_ERROR;
				GCC_WARN_UNDECLARED_SELECTOR = YES;
				GCC_WARN_UNINITIALIZED_AUTOS = YES_AGGRESSIVE;
				GCC_WARN_UNUSED_FUNCTION = YES;
				GCC_WARN_UNUSED_VARIABLE = YES;
				IPHONEOS_DEPLOYMENT_TARGET = 16.2;
				MTL_ENABLE_DEBUG_INFO = INCLUDE_SOURCE;
				MTL_FAST_MATH = YES;
				ONLY_ACTIVE_ARCH = YES;
				SDKROOT = iphoneos;
				SWIFT_ACTIVE_COMPILATION_CONDITIONS = DEBUG;
				SWIFT_OPTIMIZATION_LEVEL = "-Onone";
			};
			name = Debug;
		};
		6228C09A2A97761C001BA163 /* Release */ = {
			isa = XCBuildConfiguration;
			buildSettings = {
				ALWAYS_SEARCH_USER_PATHS = NO;
				CLANG_ANALYZER_NONNULL = YES;
				CLANG_ANALYZER_NUMBER_OBJECT_CONVERSION = YES_AGGRESSIVE;
				CLANG_CXX_LANGUAGE_STANDARD = "gnu++20";
				CLANG_ENABLE_MODULES = YES;
				CLANG_ENABLE_OBJC_ARC = YES;
				CLANG_ENABLE_OBJC_WEAK = YES;
				CLANG_WARN_BLOCK_CAPTURE_AUTORELEASING = YES;
				CLANG_WARN_BOOL_CONVERSION = YES;
				CLANG_WARN_COMMA = YES;
				CLANG_WARN_CONSTANT_CONVERSION = YES;
				CLANG_WARN_DEPRECATED_OBJC_IMPLEMENTATIONS = YES;
				CLANG_WARN_DIRECT_OBJC_ISA_USAGE = YES_ERROR;
				CLANG_WARN_DOCUMENTATION_COMMENTS = YES;
				CLANG_WARN_EMPTY_BODY = YES;
				CLANG_WARN_ENUM_CONVERSION = YES;
				CLANG_WARN_INFINITE_RECURSION = YES;
				CLANG_WARN_INT_CONVERSION = YES;
				CLANG_WARN_NON_LITERAL_NULL_CONVERSION = YES;
				CLANG_WARN_OBJC_IMPLICIT_RETAIN_SELF = YES;
				CLANG_WARN_OBJC_LITERAL_CONVERSION = YES;
				CLANG_WARN_OBJC_ROOT_CLASS = YES_ERROR;
				CLANG_WARN_QUOTED_INCLUDE_IN_FRAMEWORK_HEADER = YES;
				CLANG_WARN_RANGE_LOOP_ANALYSIS = YES;
				CLANG_WARN_STRICT_PROTOTYPES = YES;
				CLANG_WARN_SUSPICIOUS_MOVE = YES;
				CLANG_WARN_UNGUARDED_AVAILABILITY = YES_AGGRESSIVE;
				CLANG_WARN_UNREACHABLE_CODE = YES;
				CLANG_WARN__DUPLICATE_METHOD_MATCH = YES;
				COPY_PHASE_STRIP = NO;
				DEBUG_INFORMATION_FORMAT = "dwarf-with-dsym";
				ENABLE_NS_ASSERTIONS = NO;
				ENABLE_STRICT_OBJC_MSGSEND = YES;
				GCC_C_LANGUAGE_STANDARD = gnu11;
				GCC_NO_COMMON_BLOCKS = YES;
				GCC_WARN_64_TO_32_BIT_CONVERSION = YES;
				GCC_WARN_ABOUT_RETURN_TYPE = YES_ERROR;
				GCC_WARN_UNDECLARED_SELECTOR = YES;
				GCC_WARN_UNINITIALIZED_AUTOS = YES_AGGRESSIVE;
				GCC_WARN_UNUSED_FUNCTION = YES;
				GCC_WARN_UNUSED_VARIABLE = YES;
				IPHONEOS_DEPLOYMENT_TARGET = 16.2;
				MTL_ENABLE_DEBUG_INFO = NO;
				MTL_FAST_MATH = YES;
				SDKROOT = iphoneos;
				SWIFT_COMPILATION_MODE = wholemodule;
				SWIFT_OPTIMIZATION_LEVEL = "-O";
				VALIDATE_PRODUCT = YES;
			};
			name = Release;
		};
		6228C09C2A97761C001BA163 /* Debug */ = {
			isa = XCBuildConfiguration;
			buildSettings = {
				ASSETCATALOG_COMPILER_APPICON_NAME = AppIcon;
				ASSETCATALOG_COMPILER_GLOBAL_ACCENT_COLOR_NAME = AccentColor;
				CODE_SIGN_STYLE = Automatic;
				CURRENT_PROJECT_VERSION = 1;
				DEVELOPMENT_ASSET_PATHS = "\"crypto/Preview Content\"";
				DEVELOPMENT_TEAM = QT666FZ6Y2;
				ENABLE_PREVIEWS = YES;
				GENERATE_INFOPLIST_FILE = YES;
				INFOPLIST_KEY_UIApplicationSceneManifest_Generation = YES;
				INFOPLIST_KEY_UIApplicationSupportsIndirectInputEvents = YES;
				INFOPLIST_KEY_UILaunchScreen_Generation = YES;
				INFOPLIST_KEY_UISupportedInterfaceOrientations_iPad = "UIInterfaceOrientationPortrait UIInterfaceOrientationPortraitUpsideDown UIInterfaceOrientationLandscapeLeft UIInterfaceOrientationLandscapeRight";
				INFOPLIST_KEY_UISupportedInterfaceOrientations_iPhone = "UIInterfaceOrientationPortrait UIInterfaceOrientationLandscapeLeft UIInterfaceOrientationLandscapeRight";
				LD_RUNPATH_SEARCH_PATHS = (
					"$(inherited)",
					"@executable_path/Frameworks",
				);
				MARKETING_VERSION = 1.0;
				PRODUCT_BUNDLE_IDENTIFIER = com.gaboreszenyi.crypto;
				PRODUCT_NAME = "$(TARGET_NAME)";
				SWIFT_EMIT_LOC_STRINGS = YES;
				SWIFT_VERSION = 5.0;
				TARGETED_DEVICE_FAMILY = "1,2";
			};
			name = Debug;
		};
		6228C09D2A97761C001BA163 /* Release */ = {
			isa = XCBuildConfiguration;
			buildSettings = {
				ASSETCATALOG_COMPILER_APPICON_NAME = AppIcon;
				ASSETCATALOG_COMPILER_GLOBAL_ACCENT_COLOR_NAME = AccentColor;
				CODE_SIGN_STYLE = Automatic;
				CURRENT_PROJECT_VERSION = 1;
				DEVELOPMENT_ASSET_PATHS = "\"crypto/Preview Content\"";
				DEVELOPMENT_TEAM = QT666FZ6Y2;
				ENABLE_PREVIEWS = YES;
				GENERATE_INFOPLIST_FILE = YES;
				INFOPLIST_KEY_UIApplicationSceneManifest_Generation = YES;
				INFOPLIST_KEY_UIApplicationSupportsIndirectInputEvents = YES;
				INFOPLIST_KEY_UILaunchScreen_Generation = YES;
				INFOPLIST_KEY_UISupportedInterfaceOrientations_iPad = "UIInterfaceOrientationPortrait UIInterfaceOrientationPortraitUpsideDown UIInterfaceOrientationLandscapeLeft UIInterfaceOrientationLandscapeRight";
				INFOPLIST_KEY_UISupportedInterfaceOrientations_iPhone = "UIInterfaceOrientationPortrait UIInterfaceOrientationLandscapeLeft UIInterfaceOrientationLandscapeRight";
				LD_RUNPATH_SEARCH_PATHS = (
					"$(inherited)",
					"@executable_path/Frameworks",
				);
				MARKETING_VERSION = 1.0;
				PRODUCT_BUNDLE_IDENTIFIER = com.gaboreszenyi.crypto;
				PRODUCT_NAME = "$(TARGET_NAME)";
				SWIFT_EMIT_LOC_STRINGS = YES;
				SWIFT_VERSION = 5.0;
				TARGETED_DEVICE_FAMILY = "1,2";
			};
			name = Release;
		};
		6228C09F2A97761C001BA163 /* Debug */ = {
			isa = XCBuildConfiguration;
			buildSettings = {
				ALWAYS_EMBED_SWIFT_STANDARD_LIBRARIES = YES;
				BUNDLE_LOADER = "$(TEST_HOST)";
				CODE_SIGN_STYLE = Automatic;
				CURRENT_PROJECT_VERSION = 1;
				DEVELOPMENT_TEAM = QT666FZ6Y2;
				GENERATE_INFOPLIST_FILE = YES;
				IPHONEOS_DEPLOYMENT_TARGET = 16.2;
				MARKETING_VERSION = 1.0;
				PRODUCT_BUNDLE_IDENTIFIER = com.gaboreszenyi.cryptoTests;
				PRODUCT_NAME = "$(TARGET_NAME)";
				SWIFT_EMIT_LOC_STRINGS = NO;
				SWIFT_VERSION = 5.0;
				TARGETED_DEVICE_FAMILY = "1,2";
				TEST_HOST = "$(BUILT_PRODUCTS_DIR)/crypto.app/$(BUNDLE_EXECUTABLE_FOLDER_PATH)/crypto";
			};
			name = Debug;
		};
		6228C0A02A97761C001BA163 /* Release */ = {
			isa = XCBuildConfiguration;
			buildSettings = {
				ALWAYS_EMBED_SWIFT_STANDARD_LIBRARIES = YES;
				BUNDLE_LOADER = "$(TEST_HOST)";
				CODE_SIGN_STYLE = Automatic;
				CURRENT_PROJECT_VERSION = 1;
				DEVELOPMENT_TEAM = QT666FZ6Y2;
				GENERATE_INFOPLIST_FILE = YES;
				IPHONEOS_DEPLOYMENT_TARGET = 16.2;
				MARKETING_VERSION = 1.0;
				PRODUCT_BUNDLE_IDENTIFIER = com.gaboreszenyi.cryptoTests;
				PRODUCT_NAME = "$(TARGET_NAME)";
				SWIFT_EMIT_LOC_STRINGS = NO;
				SWIFT_VERSION = 5.0;
				TARGETED_DEVICE_FAMILY = "1,2";
				TEST_HOST = "$(BUILT_PRODUCTS_DIR)/crypto.app/$(BUNDLE_EXECUTABLE_FOLDER_PATH)/crypto";
			};
			name = Release;
		};
		6228C0A22A97761C001BA163 /* Debug */ = {
			isa = XCBuildConfiguration;
			buildSettings = {
				ALWAYS_EMBED_SWIFT_STANDARD_LIBRARIES = YES;
				CODE_SIGN_STYLE = Automatic;
				CURRENT_PROJECT_VERSION = 1;
				DEVELOPMENT_TEAM = QT666FZ6Y2;
				GENERATE_INFOPLIST_FILE = YES;
				MARKETING_VERSION = 1.0;
				PRODUCT_BUNDLE_IDENTIFIER = com.gaboreszenyi.cryptoUITests;
				PRODUCT_NAME = "$(TARGET_NAME)";
				SWIFT_EMIT_LOC_STRINGS = NO;
				SWIFT_VERSION = 5.0;
				TARGETED_DEVICE_FAMILY = "1,2";
				TEST_TARGET_NAME = crypto;
			};
			name = Debug;
		};
		6228C0A32A97761C001BA163 /* Release */ = {
			isa = XCBuildConfiguration;
			buildSettings = {
				ALWAYS_EMBED_SWIFT_STANDARD_LIBRARIES = YES;
				CODE_SIGN_STYLE = Automatic;
				CURRENT_PROJECT_VERSION = 1;
				DEVELOPMENT_TEAM = QT666FZ6Y2;
				GENERATE_INFOPLIST_FILE = YES;
				MARKETING_VERSION = 1.0;
				PRODUCT_BUNDLE_IDENTIFIER = com.gaboreszenyi.cryptoUITests;
				PRODUCT_NAME = "$(TARGET_NAME)";
				SWIFT_EMIT_LOC_STRINGS = NO;
				SWIFT_VERSION = 5.0;
				TARGETED_DEVICE_FAMILY = "1,2";
				TEST_TARGET_NAME = crypto;
			};
			name = Release;
		};
/* End XCBuildConfiguration section */

/* Begin XCConfigurationList section */
		6228C0722A977618001BA163 /* Build configuration list for PBXProject "crypto" */ = {
			isa = XCConfigurationList;
			buildConfigurations = (
				6228C0992A97761C001BA163 /* Debug */,
				6228C09A2A97761C001BA163 /* Release */,
			);
			defaultConfigurationIsVisible = 0;
			defaultConfigurationName = Release;
		};
		6228C09B2A97761C001BA163 /* Build configuration list for PBXNativeTarget "crypto" */ = {
			isa = XCConfigurationList;
			buildConfigurations = (
				6228C09C2A97761C001BA163 /* Debug */,
				6228C09D2A97761C001BA163 /* Release */,
			);
			defaultConfigurationIsVisible = 0;
			defaultConfigurationName = Release;
		};
		6228C09E2A97761C001BA163 /* Build configuration list for PBXNativeTarget "cryptoTests" */ = {
			isa = XCConfigurationList;
			buildConfigurations = (
				6228C09F2A97761C001BA163 /* Debug */,
				6228C0A02A97761C001BA163 /* Release */,
			);
			defaultConfigurationIsVisible = 0;
			defaultConfigurationName = Release;
		};
		6228C0A12A97761C001BA163 /* Build configuration list for PBXNativeTarget "cryptoUITests" */ = {
			isa = XCConfigurationList;
			buildConfigurations = (
				6228C0A22A97761C001BA163 /* Debug */,
				6228C0A32A97761C001BA163 /* Release */,
			);
			defaultConfigurationIsVisible = 0;
			defaultConfigurationName = Release;
		};
/* End XCConfigurationList section */
	};
	rootObject = 6228C06F2A977618001BA163 /* Project object */;
}
